
Microsoft Visual Studio Solution File, Format Version 12.00
# Visual Studio Version 17
VisualStudioVersion = 17.0.31903.59
MinimumVisualStudioVersion = 10.0.40219.1
Project("{2150E333-8FDC-42A3-9474-1A3956D46DE8}") = "src", "src", "{49C571B1-C869-4DE6-B908-C5EE9CE9DE18}"
EndProject
Project("{FAE04EC0-301F-11D3-BF4B-00C04F79EFBC}") = "AuctionService", "src\AuctionService\AuctionService.csproj", "{14F269F9-1D2E-404D-BDAD-B148C8915337}"
EndProject
Project("{FAE04EC0-301F-11D3-BF4B-00C04F79EFBC}") = "SearchService", "src\SearchService\SearchService.csproj", "{952A8E77-0797-4AFC-AEED-C6FA5A4A36E3}"
EndProject
Global
	GlobalSection(SolutionConfigurationPlatforms) = preSolution
		Debug|Any CPU = Debug|Any CPU
		Release|Any CPU = Release|Any CPU
	EndGlobalSection
	GlobalSection(SolutionProperties) = preSolution
		HideSolutionNode = FALSE
	EndGlobalSection
	GlobalSection(ProjectConfigurationPlatforms) = postSolution
		{14F269F9-1D2E-404D-BDAD-B148C8915337}.Debug|Any CPU.ActiveCfg = Debug|Any CPU
		{14F269F9-1D2E-404D-BDAD-B148C8915337}.Debug|Any CPU.Build.0 = Debug|Any CPU
		{14F269F9-1D2E-404D-BDAD-B148C8915337}.Release|Any CPU.ActiveCfg = Release|Any CPU
		{14F269F9-1D2E-404D-BDAD-B148C8915337}.Release|Any CPU.Build.0 = Release|Any CPU
		{952A8E77-0797-4AFC-AEED-C6FA5A4A36E3}.Debug|Any CPU.ActiveCfg = Debug|Any CPU
		{952A8E77-0797-4AFC-AEED-C6FA5A4A36E3}.Debug|Any CPU.Build.0 = Debug|Any CPU
		{952A8E77-0797-4AFC-AEED-C6FA5A4A36E3}.Release|Any CPU.ActiveCfg = Release|Any CPU
		{952A8E77-0797-4AFC-AEED-C6FA5A4A36E3}.Release|Any CPU.Build.0 = Release|Any CPU
	EndGlobalSection
	GlobalSection(NestedProjects) = preSolution
		{14F269F9-1D2E-404D-BDAD-B148C8915337} = {49C571B1-C869-4DE6-B908-C5EE9CE9DE18}
		{952A8E77-0797-4AFC-AEED-C6FA5A4A36E3} = {49C571B1-C869-4DE6-B908-C5EE9CE9DE18}
	EndGlobalSection
EndGlobal
